
Microsoft Visual Studio Solution File, Format Version 12.00
# Visual Studio Version 17
VisualStudioVersion = 17.5.33209.295
MinimumVisualStudioVersion = 10.0.40219.1
Project("{FAE04EC0-301F-11D3-BF4B-00C04F79EFBC}") = "Blazor", "Blazor\Blazor.csproj", "{E19BF191-F7D8-4ED9-8592-8523E887B7BD}"
EndProject
Project("{FAE04EC0-301F-11D3-BF4B-00C04F79EFBC}") = "Library", "Library\Library.csproj", "{61C24F44-D55A-4CDA-8C66-9A155FCBB270}"
EndProject
Project("{FAE04EC0-301F-11D3-BF4B-00C04F79EFBC}") = "Api", "Api\Api.csproj", "{1BF95ABD-1D55-4AC1-9917-04B0F5433D2F}"
EndProject
Global
	GlobalSection(SolutionConfigurationPlatforms) = preSolution
		Debug|Any CPU = Debug|Any CPU
		Release|Any CPU = Release|Any CPU
	EndGlobalSection
	GlobalSection(ProjectConfigurationPlatforms) = postSolution
		{E19BF191-F7D8-4ED9-8592-8523E887B7BD}.Debug|Any CPU.ActiveCfg = Debug|Any CPU
		{E19BF191-F7D8-4ED9-8592-8523E887B7BD}.Debug|Any CPU.Build.0 = Debug|Any CPU
		{E19BF191-F7D8-4ED9-8592-8523E887B7BD}.Release|Any CPU.ActiveCfg = Release|Any CPU
		{E19BF191-F7D8-4ED9-8592-8523E887B7BD}.Release|Any CPU.Build.0 = Release|Any CPU
		{61C24F44-D55A-4CDA-8C66-9A155FCBB270}.Debug|Any CPU.ActiveCfg = Debug|Any CPU
		{61C24F44-D55A-4CDA-8C66-9A155FCBB270}.Debug|Any CPU.Build.0 = Debug|Any CPU
		{61C24F44-D55A-4CDA-8C66-9A155FCBB270}.Release|Any CPU.ActiveCfg = Release|Any CPU
		{61C24F44-D55A-4CDA-8C66-9A155FCBB270}.Release|Any CPU.Build.0 = Release|Any CPU
		{1BF95ABD-1D55-4AC1-9917-04B0F5433D2F}.Debug|Any CPU.ActiveCfg = Debug|Any CPU
		{1BF95ABD-1D55-4AC1-9917-04B0F5433D2F}.Debug|Any CPU.Build.0 = Debug|Any CPU
		{1BF95ABD-1D55-4AC1-9917-04B0F5433D2F}.Release|Any CPU.ActiveCfg = Release|Any CPU
		{1BF95ABD-1D55-4AC1-9917-04B0F5433D2F}.Release|Any CPU.Build.0 = Release|Any CPU
	EndGlobalSection
	GlobalSection(SolutionProperties) = preSolution
		HideSolutionNode = FALSE
	EndGlobalSection
	GlobalSection(ExtensibilityGlobals) = postSolution
		SolutionGuid = {F71D6708-F3DB-4C0F-A855-D6D35E8EA680}
	EndGlobalSection
EndGlobal
